// !$*UTF8*$!
{
	archiveVersion = 1;
	classes = {
	};
	objectVersion = 56;
	objects = {

/* Begin PBXBuildFile section */
		59B2D7AC2B1D681800BE1998 /* DiscordRPCApp.swift in Sources */ = {isa = PBXBuildFile; fileRef = 59B2D7AB2B1D681800BE1998 /* DiscordRPCApp.swift */; };
		59B2D7AE2B1D681800BE1998 /* ContentView.swift in Sources */ = {isa = PBXBuildFile; fileRef = 59B2D7AD2B1D681800BE1998 /* ContentView.swift */; };
		59B2D7B02B1D681900BE1998 /* Assets.xcassets in Resources */ = {isa = PBXBuildFile; fileRef = 59B2D7AF2B1D681900BE1998 /* Assets.xcassets */; };
		59B2D7B32B1D681900BE1998 /* Preview Assets.xcassets in Resources */ = {isa = PBXBuildFile; fileRef = 59B2D7B22B1D681900BE1998 /* Preview Assets.xcassets */; };
		59B2D7BB2B1D682A00BE1998 /* DiscordRPC.sdef in Resources */ = {isa = PBXBuildFile; fileRef = 59B2D7BA2B1D682A00BE1998 /* DiscordRPC.sdef */; };
		59B491652B2161740072CF05 /* SwordRPC in Frameworks */ = {isa = PBXBuildFile; productRef = 59B491642B2161740072CF05 /* SwordRPC */; };
/* End PBXBuildFile section */

/* Begin PBXFileReference section */
		59B2D7A82B1D681800BE1998 /* DiscordRPC.app */ = {isa = PBXFileReference; explicitFileType = wrapper.application; includeInIndex = 0; path = DiscordRPC.app; sourceTree = BUILT_PRODUCTS_DIR; };
		59B2D7AB2B1D681800BE1998 /* DiscordRPCApp.swift */ = {isa = PBXFileReference; lastKnownFileType = sourcecode.swift; path = DiscordRPCApp.swift; sourceTree = "<group>"; };
		59B2D7AD2B1D681800BE1998 /* ContentView.swift */ = {isa = PBXFileReference; lastKnownFileType = sourcecode.swift; path = ContentView.swift; sourceTree = "<group>"; };
		59B2D7AF2B1D681900BE1998 /* Assets.xcassets */ = {isa = PBXFileReference; lastKnownFileType = folder.assetcatalog; path = Assets.xcassets; sourceTree = "<group>"; };
		59B2D7B22B1D681900BE1998 /* Preview Assets.xcassets */ = {isa = PBXFileReference; lastKnownFileType = folder.assetcatalog; path = "Preview Assets.xcassets"; sourceTree = "<group>"; };
		59B2D7B42B1D681900BE1998 /* DiscordRPC.entitlements */ = {isa = PBXFileReference; lastKnownFileType = text.plist.entitlements; path = DiscordRPC.entitlements; sourceTree = "<group>"; };
		59B2D7BA2B1D682A00BE1998 /* DiscordRPC.sdef */ = {isa = PBXFileReference; lastKnownFileType = text; path = DiscordRPC.sdef; sourceTree = "<group>"; };
		59B2D7BC2B1D69DA00BE1998 /* Info.plist */ = {isa = PBXFileReference; lastKnownFileType = text.plist; path = Info.plist; sourceTree = "<group>"; };
/* End PBXFileReference section */

/* Begin PBXFrameworksBuildPhase section */
		59B2D7A52B1D681800BE1998 /* Frameworks */ = {
			isa = PBXFrameworksBuildPhase;
			buildActionMask = 2147483647;
			files = (
				59B491652B2161740072CF05 /* SwordRPC in Frameworks */,
			);
			runOnlyForDeploymentPostprocessing = 0;
		};
/* End PBXFrameworksBuildPhase section */

/* Begin PBXGroup section */
		59B2D79F2B1D681800BE1998 = {
			isa = PBXGroup;
			children = (
				59B2D7AA2B1D681800BE1998 /* DiscordRPC */,
				59B2D7A92B1D681800BE1998 /* Products */,
			);
			sourceTree = "<group>";
		};
		59B2D7A92B1D681800BE1998 /* Products */ = {
			isa = PBXGroup;
			children = (
				59B2D7A82B1D681800BE1998 /* DiscordRPC.app */,
			);
			name = Products;
			sourceTree = "<group>";
		};
		59B2D7AA2B1D681800BE1998 /* DiscordRPC */ = {
			isa = PBXGroup;
			children = (
				59B2D7BC2B1D69DA00BE1998 /* Info.plist */,
				59B2D7AB2B1D681800BE1998 /* DiscordRPCApp.swift */,
				59B2D7AD2B1D681800BE1998 /* ContentView.swift */,
				59B2D7BA2B1D682A00BE1998 /* DiscordRPC.sdef */,
				59B2D7AF2B1D681900BE1998 /* Assets.xcassets */,
				59B2D7B42B1D681900BE1998 /* DiscordRPC.entitlements */,
				59B2D7B12B1D681900BE1998 /* Preview Content */,
			);
			path = DiscordRPC;
			sourceTree = "<group>";
		};
		59B2D7B12B1D681900BE1998 /* Preview Content */ = {
			isa = PBXGroup;
			children = (
				59B2D7B22B1D681900BE1998 /* Preview Assets.xcassets */,
			);
			path = "Preview Content";
			sourceTree = "<group>";
		};
/* End PBXGroup section */

/* Begin PBXNativeTarget section */
		59B2D7A72B1D681800BE1998 /* DiscordRPC */ = {
			isa = PBXNativeTarget;
			buildConfigurationList = 59B2D7B72B1D681900BE1998 /* Build configuration list for PBXNativeTarget "DiscordRPC" */;
			buildPhases = (
				59B2D7A42B1D681800BE1998 /* Sources */,
				59B2D7A52B1D681800BE1998 /* Frameworks */,
				59B2D7A62B1D681800BE1998 /* Resources */,
			);
			buildRules = (
			);
			dependencies = (
			);
			name = DiscordRPC;
			packageProductDependencies = (
				59B491642B2161740072CF05 /* SwordRPC */,
			);
			productName = DiscordRPC;
			productReference = 59B2D7A82B1D681800BE1998 /* DiscordRPC.app */;
			productType = "com.apple.product-type.application";
		};
/* End PBXNativeTarget section */

/* Begin PBXProject section */
		59B2D7A02B1D681800BE1998 /* Project object */ = {
			isa = PBXProject;
			attributes = {
				BuildIndependentTargetsInParallel = 1;
				LastSwiftUpdateCheck = 1500;
				LastUpgradeCheck = 1500;
				TargetAttributes = {
					59B2D7A72B1D681800BE1998 = {
						CreatedOnToolsVersion = 15.0.1;
					};
				};
			};
			buildConfigurationList = 59B2D7A32B1D681800BE1998 /* Build configuration list for PBXProject "DiscordRPC" */;
			compatibilityVersion = "Xcode 14.0";
			developmentRegion = en;
			hasScannedForEncodings = 0;
			knownRegions = (
				en,
				Base,
			);
			mainGroup = 59B2D79F2B1D681800BE1998;
			packageReferences = (
				59B491632B2161740072CF05 /* XCRemoteSwiftPackageReference "SwordRPC" */,
			);
			productRefGroup = 59B2D7A92B1D681800BE1998 /* Products */;
			projectDirPath = "";
			projectRoot = "";
			targets = (
				59B2D7A72B1D681800BE1998 /* DiscordRPC */,
			);
		};
/* End PBXProject section */

/* Begin PBXResourcesBuildPhase section */
		59B2D7A62B1D681800BE1998 /* Resources */ = {
			isa = PBXResourcesBuildPhase;
			buildActionMask = 2147483647;
			files = (
				59B2D7BB2B1D682A00BE1998 /* DiscordRPC.sdef in Resources */,
				59B2D7B32B1D681900BE1998 /* Preview Assets.xcassets in Resources */,
				59B2D7B02B1D681900BE1998 /* Assets.xcassets in Resources */,
			);
			runOnlyForDeploymentPostprocessing = 0;
		};
/* End PBXResourcesBuildPhase section */

/* Begin PBXSourcesBuildPhase section */
		59B2D7A42B1D681800BE1998 /* Sources */ = {
			isa = PBXSourcesBuildPhase;
			buildActionMask = 2147483647;
			files = (
				59B2D7AE2B1D681800BE1998 /* ContentView.swift in Sources */,
				59B2D7AC2B1D681800BE1998 /* DiscordRPCApp.swift in Sources */,
			);
			runOnlyForDeploymentPostprocessing = 0;
		};
/* End PBXSourcesBuildPhase section */

/* Begin XCBuildConfiguration section */
		59B2D7B52B1D681900BE1998 /* Debug */ = {
			isa = XCBuildConfiguration;
			buildSettings = {
				ALWAYS_SEARCH_USER_PATHS = NO;
				ASSETCATALOG_COMPILER_GENERATE_SWIFT_ASSET_SYMBOL_EXTENSIONS = YES;
				CLANG_ANALYZER_NONNULL = YES;
				CLANG_ANALYZER_NUMBER_OBJECT_CONVERSION = YES_AGGRESSIVE;
				CLANG_CXX_LANGUAGE_STANDARD = "gnu++20";
				CLANG_ENABLE_MODULES = YES;
				CLANG_ENABLE_OBJC_ARC = YES;
				CLANG_ENABLE_OBJC_WEAK = YES;
				CLANG_WARN_BLOCK_CAPTURE_AUTORELEASING = YES;
				CLANG_WARN_BOOL_CONVERSION = YES;
				CLANG_WARN_COMMA = YES;
				CLANG_WARN_CONSTANT_CONVERSION = YES;
				CLANG_WARN_DEPRECATED_OBJC_IMPLEMENTATIONS = YES;
				CLANG_WARN_DIRECT_OBJC_ISA_USAGE = YES_ERROR;
				CLANG_WARN_DOCUMENTATION_COMMENTS = YES;
				CLANG_WARN_EMPTY_BODY = YES;
				CLANG_WARN_ENUM_CONVERSION = YES;
				CLANG_WARN_INFINITE_RECURSION = YES;
				CLANG_WARN_INT_CONVERSION = YES;
				CLANG_WARN_NON_LITERAL_NULL_CONVERSION = YES;
				CLANG_WARN_OBJC_IMPLICIT_RETAIN_SELF = YES;
				CLANG_WARN_OBJC_LITERAL_CONVERSION = YES;
				CLANG_WARN_OBJC_ROOT_CLASS = YES_ERROR;
				CLANG_WARN_QUOTED_INCLUDE_IN_FRAMEWORK_HEADER = YES;
				CLANG_WARN_RANGE_LOOP_ANALYSIS = YES;
				CLANG_WARN_STRICT_PROTOTYPES = YES;
				CLANG_WARN_SUSPICIOUS_MOVE = YES;
				CLANG_WARN_UNGUARDED_AVAILABILITY = YES_AGGRESSIVE;
				CLANG_WARN_UNREACHABLE_CODE = YES;
				CLANG_WARN__DUPLICATE_METHOD_MATCH = YES;
				COPY_PHASE_STRIP = NO;
				DEBUG_INFORMATION_FORMAT = dwarf;
				ENABLE_STRICT_OBJC_MSGSEND = YES;
				ENABLE_TESTABILITY = YES;
				ENABLE_USER_SCRIPT_SANDBOXING = YES;
				GCC_C_LANGUAGE_STANDARD = gnu17;
				GCC_DYNAMIC_NO_PIC = NO;
				GCC_NO_COMMON_BLOCKS = YES;
				GCC_OPTIMIZATION_LEVEL = 0;
				GCC_PREPROCESSOR_DEFINITIONS = (
					"DEBUG=1",
					"$(inherited)",
				);
				GCC_WARN_64_TO_32_BIT_CONVERSION = YES;
				GCC_WARN_ABOUT_RETURN_TYPE = YES_ERROR;
				GCC_WARN_UNDECLARED_SELECTOR = YES;
				GCC_WARN_UNINITIALIZED_AUTOS = YES_AGGRESSIVE;
				GCC_WARN_UNUSED_FUNCTION = YES;
				GCC_WARN_UNUSED_VARIABLE = YES;
				LOCALIZATION_PREFERS_STRING_CATALOGS = YES;
				MACOSX_DEPLOYMENT_TARGET = 14.0;
				MTL_ENABLE_DEBUG_INFO = INCLUDE_SOURCE;
				MTL_FAST_MATH = YES;
				ONLY_ACTIVE_ARCH = YES;
				SDKROOT = macosx;
				SWIFT_ACTIVE_COMPILATION_CONDITIONS = "DEBUG $(inherited)";
				SWIFT_OPTIMIZATION_LEVEL = "-Onone";
			};
			name = Debug;
		};
		59B2D7B62B1D681900BE1998 /* Release */ = {
			isa = XCBuildConfiguration;
			buildSettings = {
				ALWAYS_SEARCH_USER_PATHS = NO;
				ASSETCATALOG_COMPILER_GENERATE_SWIFT_ASSET_SYMBOL_EXTENSIONS = YES;
				CLANG_ANALYZER_NONNULL = YES;
				CLANG_ANALYZER_NUMBER_OBJECT_CONVERSION = YES_AGGRESSIVE;
				CLANG_CXX_LANGUAGE_STANDARD = "gnu++20";
				CLANG_ENABLE_MODULES = YES;
				CLANG_ENABLE_OBJC_ARC = YES;
				CLANG_ENABLE_OBJC_WEAK = YES;
				CLANG_WARN_BLOCK_CAPTURE_AUTORELEASING = YES;
				CLANG_WARN_BOOL_CONVERSION = YES;
				CLANG_WARN_COMMA = YES;
				CLANG_WARN_CONSTANT_CONVERSION = YES;
				CLANG_WARN_DEPRECATED_OBJC_IMPLEMENTATIONS = YES;
				CLANG_WARN_DIRECT_OBJC_ISA_USAGE = YES_ERROR;
				CLANG_WARN_DOCUMENTATION_COMMENTS = YES;
				CLANG_WARN_EMPTY_BODY = YES;
				CLANG_WARN_ENUM_CONVERSION = YES;
				CLANG_WARN_INFINITE_RECURSION = YES;
				CLANG_WARN_INT_CONVERSION = YES;
				CLANG_WARN_NON_LITERAL_NULL_CONVERSION = YES;
				CLANG_WARN_OBJC_IMPLICIT_RETAIN_SELF = YES;
				CLANG_WARN_OBJC_LITERAL_CONVERSION = YES;
				CLANG_WARN_OBJC_ROOT_CLASS = YES_ERROR;
				CLANG_WARN_QUOTED_INCLUDE_IN_FRAMEWORK_HEADER = YES;
				CLANG_WARN_RANGE_LOOP_ANALYSIS = YES;
				CLANG_WARN_STRICT_PROTOTYPES = YES;
				CLANG_WARN_SUSPICIOUS_MOVE = YES;
				CLANG_WARN_UNGUARDED_AVAILABILITY = YES_AGGRESSIVE;
				CLANG_WARN_UNREACHABLE_CODE = YES;
				CLANG_WARN__DUPLICATE_METHOD_MATCH = YES;
				COPY_PHASE_STRIP = NO;
				DEBUG_INFORMATION_FORMAT = "dwarf-with-dsym";
				ENABLE_NS_ASSERTIONS = NO;
				ENABLE_STRICT_OBJC_MSGSEND = YES;
				ENABLE_USER_SCRIPT_SANDBOXING = YES;
				GCC_C_LANGUAGE_STANDARD = gnu17;
				GCC_NO_COMMON_BLOCKS = YES;
				GCC_WARN_64_TO_32_BIT_CONVERSION = YES;
				GCC_WARN_ABOUT_RETURN_TYPE = YES_ERROR;
				GCC_WARN_UNDECLARED_SELECTOR = YES;
				GCC_WARN_UNINITIALIZED_AUTOS = YES_AGGRESSIVE;
				GCC_WARN_UNUSED_FUNCTION = YES;
				GCC_WARN_UNUSED_VARIABLE = YES;
				LOCALIZATION_PREFERS_STRING_CATALOGS = YES;
				MACOSX_DEPLOYMENT_TARGET = 14.0;
				MTL_ENABLE_DEBUG_INFO = NO;
				MTL_FAST_MATH = YES;
				SDKROOT = macosx;
				SWIFT_COMPILATION_MODE = wholemodule;
			};
			name = Release;
		};
		59B2D7B82B1D681900BE1998 /* Debug */ = {
			isa = XCBuildConfiguration;
			buildSettings = {
				ASSETCATALOG_COMPILER_APPICON_NAME = AppIcon;
				ASSETCATALOG_COMPILER_GLOBAL_ACCENT_COLOR_NAME = AccentColor;
				CODE_SIGN_ENTITLEMENTS = DiscordRPC/DiscordRPC.entitlements;
				CODE_SIGN_STYLE = Automatic;
				COMBINE_HIDPI_IMAGES = YES;
				CURRENT_PROJECT_VERSION = 1;
				DEVELOPMENT_ASSET_PATHS = "\"DiscordRPC/Preview Content\"";
				DEVELOPMENT_TEAM = VNNFSFV378;
				ENABLE_HARDENED_RUNTIME = YES;
				ENABLE_PREVIEWS = YES;
				GENERATE_INFOPLIST_FILE = YES;
				INFOPLIST_FILE = DiscordRPC/Info.plist;
				INFOPLIST_KEY_NSHumanReadableCopyright = "";
				LD_RUNPATH_SEARCH_PATHS = (
					"$(inherited)",
					"@executable_path/../Frameworks",
				);
				MARKETING_VERSION = 1.0;
				PRODUCT_BUNDLE_IDENTIFIER = dev.mi460.DiscordRPC;
				PRODUCT_NAME = "$(TARGET_NAME)";
				SWIFT_EMIT_LOC_STRINGS = YES;
				SWIFT_VERSION = 5.0;
			};
			name = Debug;
		};
		59B2D7B92B1D681900BE1998 /* Release */ = {
			isa = XCBuildConfiguration;
			buildSettings = {
				ASSETCATALOG_COMPILER_APPICON_NAME = AppIcon;
				ASSETCATALOG_COMPILER_GLOBAL_ACCENT_COLOR_NAME = AccentColor;
				CODE_SIGN_ENTITLEMENTS = DiscordRPC/DiscordRPC.entitlements;
				CODE_SIGN_STYLE = Automatic;
				COMBINE_HIDPI_IMAGES = YES;
				CURRENT_PROJECT_VERSION = 1;
				DEVELOPMENT_ASSET_PATHS = "\"DiscordRPC/Preview Content\"";
				DEVELOPMENT_TEAM = VNNFSFV378;
				ENABLE_HARDENED_RUNTIME = YES;
				ENABLE_PREVIEWS = YES;
				GENERATE_INFOPLIST_FILE = YES;
				INFOPLIST_FILE = DiscordRPC/Info.plist;
				INFOPLIST_KEY_NSHumanReadableCopyright = "";
				LD_RUNPATH_SEARCH_PATHS = (
					"$(inherited)",
					"@executable_path/../Frameworks",
				);
				MARKETING_VERSION = 1.0;
				PRODUCT_BUNDLE_IDENTIFIER = dev.mi460.DiscordRPC;
				PRODUCT_NAME = "$(TARGET_NAME)";
				SWIFT_EMIT_LOC_STRINGS = YES;
				SWIFT_VERSION = 5.0;
			};
			name = Release;
		};
/* End XCBuildConfiguration section */

/* Begin XCConfigurationList section */
		59B2D7A32B1D681800BE1998 /* Build configuration list for PBXProject "DiscordRPC" */ = {
			isa = XCConfigurationList;
			buildConfigurations = (
				59B2D7B52B1D681900BE1998 /* Debug */,
				59B2D7B62B1D681900BE1998 /* Release */,
			);
			defaultConfigurationIsVisible = 0;
			defaultConfigurationName = Release;
		};
		59B2D7B72B1D681900BE1998 /* Build configuration list for PBXNativeTarget "DiscordRPC" */ = {
			isa = XCConfigurationList;
			buildConfigurations = (
				59B2D7B82B1D681900BE1998 /* Debug */,
				59B2D7B92B1D681900BE1998 /* Release */,
			);
			defaultConfigurationIsVisible = 0;
			defaultConfigurationName = Release;
		};
/* End XCConfigurationList section */

/* Begin XCRemoteSwiftPackageReference section */
		59B491632B2161740072CF05 /* XCRemoteSwiftPackageReference "SwordRPC" */ = {
			isa = XCRemoteSwiftPackageReference;
			repositoryURL = "https://github.com/MCMi460/SwordRPC";
			requirement = {
				branch = development;
				kind = branch;
			};
		};
/* End XCRemoteSwiftPackageReference section */

/* Begin XCSwiftPackageProductDependency section */
		59B491642B2161740072CF05 /* SwordRPC */ = {
			isa = XCSwiftPackageProductDependency;
			package = 59B491632B2161740072CF05 /* XCRemoteSwiftPackageReference "SwordRPC" */;
			productName = SwordRPC;
		};
/* End XCSwiftPackageProductDependency section */
	};
	rootObject = 59B2D7A02B1D681800BE1998 /* Project object */;
}
